
Microsoft Visual Studio Solution File, Format Version 12.00
# Visual Studio 15
VisualStudioVersion = 15.0.27130.2036
MinimumVisualStudioVersion = 10.0.40219.1
Project("{2150E333-8FDC-42A3-9474-1A3956D46DE8}") = "Solution Items", "Solution Items", "{D578354C-CD0F-438B-9D90-C4A4937726D9}"
	ProjectSection(SolutionItems) = preProject
		Commodity.cs = Commodity.cs
		Consumer.cs = Consumer.cs
		Population.cs = Population.cs
		Producer.cs = Producer.cs
		Resource.cs = Resource.cs
	EndProjectSection
EndProject
Project("{FAE04EC0-301F-11D3-BF4B-00C04F79EFBC}") = "Economy_PoC", "Economy PoC\Economy_PoC.csproj", "{061CF0AE-C2C9-4515-A9A7-7959E4B3E7CB}"
EndProject
Global
	GlobalSection(SolutionConfigurationPlatforms) = preSolution
		Debug|Any CPU = Debug|Any CPU
		Release|Any CPU = Release|Any CPU
	EndGlobalSection
	GlobalSection(ProjectConfigurationPlatforms) = postSolution
		{061CF0AE-C2C9-4515-A9A7-7959E4B3E7CB}.Debug|Any CPU.ActiveCfg = Debug|Any CPU
		{061CF0AE-C2C9-4515-A9A7-7959E4B3E7CB}.Debug|Any CPU.Build.0 = Debug|Any CPU
		{061CF0AE-C2C9-4515-A9A7-7959E4B3E7CB}.Release|Any CPU.ActiveCfg = Release|Any CPU
		{061CF0AE-C2C9-4515-A9A7-7959E4B3E7CB}.Release|Any CPU.Build.0 = Release|Any CPU
	EndGlobalSection
	GlobalSection(SolutionProperties) = preSolution
		HideSolutionNode = FALSE
	EndGlobalSection
	GlobalSection(ExtensibilityGlobals) = postSolution
		SolutionGuid = {A6103497-ED6A-41C2-BDDD-1DEC52CD7A9E}
	EndGlobalSection
EndGlobal
